// !$*UTF8*$!
{
	archiveVersion = 1;
	classes = {
	};
	objectVersion = 55;
	objects = {

/* Begin PBXBuildFile section */
		5FBF7DBE2803BAB60014F31F /* WaveUIApp.swift in Sources */ = {isa = PBXBuildFile; fileRef = 5FBF7DBD2803BAB60014F31F /* WaveUIApp.swift */; };
		5FBF7DC02803BAB60014F31F /* ContentView.swift in Sources */ = {isa = PBXBuildFile; fileRef = 5FBF7DBF2803BAB60014F31F /* ContentView.swift */; };
		5FBF7DC22803BAB80014F31F /* Assets.xcassets in Resources */ = {isa = PBXBuildFile; fileRef = 5FBF7DC12803BAB80014F31F /* Assets.xcassets */; };
		5FBF7DC52803BAB80014F31F /* Preview Assets.xcassets in Resources */ = {isa = PBXBuildFile; fileRef = 5FBF7DC42803BAB80014F31F /* Preview Assets.xcassets */; };
		5FBF7DCF2803BAB80014F31F /* WaveUITests.swift in Sources */ = {isa = PBXBuildFile; fileRef = 5FBF7DCE2803BAB80014F31F /* WaveUITests.swift */; };
		5FBF7DD92803BAB80014F31F /* WaveUIUITests.swift in Sources */ = {isa = PBXBuildFile; fileRef = 5FBF7DD82803BAB80014F31F /* WaveUIUITests.swift */; };
		5FBF7DDB2803BAB80014F31F /* WaveUIUITestsLaunchTests.swift in Sources */ = {isa = PBXBuildFile; fileRef = 5FBF7DDA2803BAB80014F31F /* WaveUIUITestsLaunchTests.swift */; };
		5FBF7DE92803BB6F0014F31F /* Home.swift in Sources */ = {isa = PBXBuildFile; fileRef = 5FBF7DE82803BB6F0014F31F /* Home.swift */; };
/* End PBXBuildFile section */

/* Begin PBXContainerItemProxy section */
		5FBF7DCB2803BAB80014F31F /* PBXContainerItemProxy */ = {
			isa = PBXContainerItemProxy;
			containerPortal = 5FBF7DB22803BAB60014F31F /* Project object */;
			proxyType = 1;
			remoteGlobalIDString = 5FBF7DB92803BAB60014F31F;
			remoteInfo = WaveUI;
		};
		5FBF7DD52803BAB80014F31F /* PBXContainerItemProxy */ = {
			isa = PBXContainerItemProxy;
			containerPortal = 5FBF7DB22803BAB60014F31F /* Project object */;
			proxyType = 1;
			remoteGlobalIDString = 5FBF7DB92803BAB60014F31F;
			remoteInfo = WaveUI;
		};
/* End PBXContainerItemProxy section */

/* Begin PBXFileReference section */
		5FBF7DBA2803BAB60014F31F /* WaveUI.app */ = {isa = PBXFileReference; explicitFileType = wrapper.application; includeInIndex = 0; path = WaveUI.app; sourceTree = BUILT_PRODUCTS_DIR; };
		5FBF7DBD2803BAB60014F31F /* WaveUIApp.swift */ = {isa = PBXFileReference; lastKnownFileType = sourcecode.swift; path = WaveUIApp.swift; sourceTree = "<group>"; };
		5FBF7DBF2803BAB60014F31F /* ContentView.swift */ = {isa = PBXFileReference; lastKnownFileType = sourcecode.swift; path = ContentView.swift; sourceTree = "<group>"; };
		5FBF7DC12803BAB80014F31F /* Assets.xcassets */ = {isa = PBXFileReference; lastKnownFileType = folder.assetcatalog; path = Assets.xcassets; sourceTree = "<group>"; };
		5FBF7DC42803BAB80014F31F /* Preview Assets.xcassets */ = {isa = PBXFileReference; lastKnownFileType = folder.assetcatalog; path = "Preview Assets.xcassets"; sourceTree = "<group>"; };
		5FBF7DCA2803BAB80014F31F /* WaveUITests.xctest */ = {isa = PBXFileReference; explicitFileType = wrapper.cfbundle; includeInIndex = 0; path = WaveUITests.xctest; sourceTree = BUILT_PRODUCTS_DIR; };
		5FBF7DCE2803BAB80014F31F /* WaveUITests.swift */ = {isa = PBXFileReference; lastKnownFileType = sourcecode.swift; path = WaveUITests.swift; sourceTree = "<group>"; };
		5FBF7DD42803BAB80014F31F /* WaveUIUITests.xctest */ = {isa = PBXFileReference; explicitFileType = wrapper.cfbundle; includeInIndex = 0; path = WaveUIUITests.xctest; sourceTree = BUILT_PRODUCTS_DIR; };
		5FBF7DD82803BAB80014F31F /* WaveUIUITests.swift */ = {isa = PBXFileReference; lastKnownFileType = sourcecode.swift; path = WaveUIUITests.swift; sourceTree = "<group>"; };
		5FBF7DDA2803BAB80014F31F /* WaveUIUITestsLaunchTests.swift */ = {isa = PBXFileReference; lastKnownFileType = sourcecode.swift; path = WaveUIUITestsLaunchTests.swift; sourceTree = "<group>"; };
		5FBF7DE82803BB6F0014F31F /* Home.swift */ = {isa = PBXFileReference; lastKnownFileType = sourcecode.swift; path = Home.swift; sourceTree = "<group>"; };
/* End PBXFileReference section */

/* Begin PBXFrameworksBuildPhase section */
		5FBF7DB72803BAB60014F31F /* Frameworks */ = {
			isa = PBXFrameworksBuildPhase;
			buildActionMask = 2147483647;
			files = (
			);
			runOnlyForDeploymentPostprocessing = 0;
		};
		5FBF7DC72803BAB80014F31F /* Frameworks */ = {
			isa = PBXFrameworksBuildPhase;
			buildActionMask = 2147483647;
			files = (
			);
			runOnlyForDeploymentPostprocessing = 0;
		};
		5FBF7DD12803BAB80014F31F /* Frameworks */ = {
			isa = PBXFrameworksBuildPhase;
			buildActionMask = 2147483647;
			files = (
			);
			runOnlyForDeploymentPostprocessing = 0;
		};
/* End PBXFrameworksBuildPhase section */

/* Begin PBXGroup section */
		5FBF7DB12803BAB60014F31F = {
			isa = PBXGroup;
			children = (
				5FBF7DBC2803BAB60014F31F /* WaveUI */,
				5FBF7DCD2803BAB80014F31F /* WaveUITests */,
				5FBF7DD72803BAB80014F31F /* WaveUIUITests */,
				5FBF7DBB2803BAB60014F31F /* Products */,
			);
			sourceTree = "<group>";
		};
		5FBF7DBB2803BAB60014F31F /* Products */ = {
			isa = PBXGroup;
			children = (
				5FBF7DBA2803BAB60014F31F /* WaveUI.app */,
				5FBF7DCA2803BAB80014F31F /* WaveUITests.xctest */,
				5FBF7DD42803BAB80014F31F /* WaveUIUITests.xctest */,
			);
			name = Products;
			sourceTree = "<group>";
		};
		5FBF7DBC2803BAB60014F31F /* WaveUI */ = {
			isa = PBXGroup;
			children = (
				5FBF7DE72803BB0F0014F31F /* View */,
				5FBF7DBD2803BAB60014F31F /* WaveUIApp.swift */,
				5FBF7DBF2803BAB60014F31F /* ContentView.swift */,
				5FBF7DC12803BAB80014F31F /* Assets.xcassets */,
				5FBF7DC32803BAB80014F31F /* Preview Content */,
			);
			path = WaveUI;
			sourceTree = "<group>";
		};
		5FBF7DC32803BAB80014F31F /* Preview Content */ = {
			isa = PBXGroup;
			children = (
				5FBF7DC42803BAB80014F31F /* Preview Assets.xcassets */,
			);
			path = "Preview Content";
			sourceTree = "<group>";
		};
		5FBF7DCD2803BAB80014F31F /* WaveUITests */ = {
			isa = PBXGroup;
			children = (
				5FBF7DCE2803BAB80014F31F /* WaveUITests.swift */,
			);
			path = WaveUITests;
			sourceTree = "<group>";
		};
		5FBF7DD72803BAB80014F31F /* WaveUIUITests */ = {
			isa = PBXGroup;
			children = (
				5FBF7DD82803BAB80014F31F /* WaveUIUITests.swift */,
				5FBF7DDA2803BAB80014F31F /* WaveUIUITestsLaunchTests.swift */,
			);
			path = WaveUIUITests;
			sourceTree = "<group>";
		};
		5FBF7DE72803BB0F0014F31F /* View */ = {
			isa = PBXGroup;
			children = (
				5FBF7DE82803BB6F0014F31F /* Home.swift */,
			);
			path = View;
			sourceTree = "<group>";
		};
/* End PBXGroup section */

/* Begin PBXNativeTarget section */
		5FBF7DB92803BAB60014F31F /* WaveUI */ = {
			isa = PBXNativeTarget;
			buildConfigurationList = 5FBF7DDE2803BAB80014F31F /* Build configuration list for PBXNativeTarget "WaveUI" */;
			buildPhases = (
				5FBF7DB62803BAB60014F31F /* Sources */,
				5FBF7DB72803BAB60014F31F /* Frameworks */,
				5FBF7DB82803BAB60014F31F /* Resources */,
			);
			buildRules = (
			);
			dependencies = (
			);
			name = WaveUI;
			productName = WaveUI;
			productReference = 5FBF7DBA2803BAB60014F31F /* WaveUI.app */;
			productType = "com.apple.product-type.application";
		};
		5FBF7DC92803BAB80014F31F /* WaveUITests */ = {
			isa = PBXNativeTarget;
			buildConfigurationList = 5FBF7DE12803BAB80014F31F /* Build configuration list for PBXNativeTarget "WaveUITests" */;
			buildPhases = (
				5FBF7DC62803BAB80014F31F /* Sources */,
				5FBF7DC72803BAB80014F31F /* Frameworks */,
				5FBF7DC82803BAB80014F31F /* Resources */,
			);
			buildRules = (
			);
			dependencies = (
				5FBF7DCC2803BAB80014F31F /* PBXTargetDependency */,
			);
			name = WaveUITests;
			productName = WaveUITests;
			productReference = 5FBF7DCA2803BAB80014F31F /* WaveUITests.xctest */;
			productType = "com.apple.product-type.bundle.unit-test";
		};
		5FBF7DD32803BAB80014F31F /* WaveUIUITests */ = {
			isa = PBXNativeTarget;
			buildConfigurationList = 5FBF7DE42803BAB80014F31F /* Build configuration list for PBXNativeTarget "WaveUIUITests" */;
			buildPhases = (
				5FBF7DD02803BAB80014F31F /* Sources */,
				5FBF7DD12803BAB80014F31F /* Frameworks */,
				5FBF7DD22803BAB80014F31F /* Resources */,
			);
			buildRules = (
			);
			dependencies = (
				5FBF7DD62803BAB80014F31F /* PBXTargetDependency */,
			);
			name = WaveUIUITests;
			productName = WaveUIUITests;
			productReference = 5FBF7DD42803BAB80014F31F /* WaveUIUITests.xctest */;
			productType = "com.apple.product-type.bundle.ui-testing";
		};
/* End PBXNativeTarget section */

/* Begin PBXProject section */
		5FBF7DB22803BAB60014F31F /* Project object */ = {
			isa = PBXProject;
			attributes = {
				BuildIndependentTargetsInParallel = 1;
				LastSwiftUpdateCheck = 1330;
				LastUpgradeCheck = 1330;
				TargetAttributes = {
					5FBF7DB92803BAB60014F31F = {
						CreatedOnToolsVersion = 13.3;
					};
					5FBF7DC92803BAB80014F31F = {
						CreatedOnToolsVersion = 13.3;
						TestTargetID = 5FBF7DB92803BAB60014F31F;
					};
					5FBF7DD32803BAB80014F31F = {
						CreatedOnToolsVersion = 13.3;
						TestTargetID = 5FBF7DB92803BAB60014F31F;
					};
				};
			};
			buildConfigurationList = 5FBF7DB52803BAB60014F31F /* Build configuration list for PBXProject "WaveUI" */;
			compatibilityVersion = "Xcode 13.0";
			developmentRegion = en;
			hasScannedForEncodings = 0;
			knownRegions = (
				en,
				Base,
			);
			mainGroup = 5FBF7DB12803BAB60014F31F;
			productRefGroup = 5FBF7DBB2803BAB60014F31F /* Products */;
			projectDirPath = "";
			projectRoot = "";
			targets = (
				5FBF7DB92803BAB60014F31F /* WaveUI */,
				5FBF7DC92803BAB80014F31F /* WaveUITests */,
				5FBF7DD32803BAB80014F31F /* WaveUIUITests */,
			);
		};
/* End PBXProject section */

/* Begin PBXResourcesBuildPhase section */
		5FBF7DB82803BAB60014F31F /* Resources */ = {
			isa = PBXResourcesBuildPhase;
			buildActionMask = 2147483647;
			files = (
				5FBF7DC52803BAB80014F31F /* Preview Assets.xcassets in Resources */,
				5FBF7DC22803BAB80014F31F /* Assets.xcassets in Resources */,
			);
			runOnlyForDeploymentPostprocessing = 0;
		};
		5FBF7DC82803BAB80014F31F /* Resources */ = {
			isa = PBXResourcesBuildPhase;
			buildActionMask = 2147483647;
			files = (
			);
			runOnlyForDeploymentPostprocessing = 0;
		};
		5FBF7DD22803BAB80014F31F /* Resources */ = {
			isa = PBXResourcesBuildPhase;
			buildActionMask = 2147483647;
			files = (
			);
			runOnlyForDeploymentPostprocessing = 0;
		};
/* End PBXResourcesBuildPhase section */

/* Begin PBXSourcesBuildPhase section */
		5FBF7DB62803BAB60014F31F /* Sources */ = {
			isa = PBXSourcesBuildPhase;
			buildActionMask = 2147483647;
			files = (
				5FBF7DC02803BAB60014F31F /* ContentView.swift in Sources */,
				5FBF7DE92803BB6F0014F31F /* Home.swift in Sources */,
				5FBF7DBE2803BAB60014F31F /* WaveUIApp.swift in Sources */,
			);
			runOnlyForDeploymentPostprocessing = 0;
		};
		5FBF7DC62803BAB80014F31F /* Sources */ = {
			isa = PBXSourcesBuildPhase;
			buildActionMask = 2147483647;
			files = (
				5FBF7DCF2803BAB80014F31F /* WaveUITests.swift in Sources */,
			);
			runOnlyForDeploymentPostprocessing = 0;
		};
		5FBF7DD02803BAB80014F31F /* Sources */ = {
			isa = PBXSourcesBuildPhase;
			buildActionMask = 2147483647;
			files = (
				5FBF7DD92803BAB80014F31F /* WaveUIUITests.swift in Sources */,
				5FBF7DDB2803BAB80014F31F /* WaveUIUITestsLaunchTests.swift in Sources */,
			);
			runOnlyForDeploymentPostprocessing = 0;
		};
/* End PBXSourcesBuildPhase section */

/* Begin PBXTargetDependency section */
		5FBF7DCC2803BAB80014F31F /* PBXTargetDependency */ = {
			isa = PBXTargetDependency;
			target = 5FBF7DB92803BAB60014F31F /* WaveUI */;
			targetProxy = 5FBF7DCB2803BAB80014F31F /* PBXContainerItemProxy */;
		};
		5FBF7DD62803BAB80014F31F /* PBXTargetDependency */ = {
			isa = PBXTargetDependency;
			target = 5FBF7DB92803BAB60014F31F /* WaveUI */;
			targetProxy = 5FBF7DD52803BAB80014F31F /* PBXContainerItemProxy */;
		};
/* End PBXTargetDependency section */

/* Begin XCBuildConfiguration section */
		5FBF7DDC2803BAB80014F31F /* Debug */ = {
			isa = XCBuildConfiguration;
			buildSettings = {
				ALWAYS_SEARCH_USER_PATHS = NO;
				CLANG_ANALYZER_NONNULL = YES;
				CLANG_ANALYZER_NUMBER_OBJECT_CONVERSION = YES_AGGRESSIVE;
				CLANG_CXX_LANGUAGE_STANDARD = "gnu++17";
				CLANG_ENABLE_MODULES = YES;
				CLANG_ENABLE_OBJC_ARC = YES;
				CLANG_ENABLE_OBJC_WEAK = YES;
				CLANG_WARN_BLOCK_CAPTURE_AUTORELEASING = YES;
				CLANG_WARN_BOOL_CONVERSION = YES;
				CLANG_WARN_COMMA = YES;
				CLANG_WARN_CONSTANT_CONVERSION = YES;
				CLANG_WARN_DEPRECATED_OBJC_IMPLEMENTATIONS = YES;
				CLANG_WARN_DIRECT_OBJC_ISA_USAGE = YES_ERROR;
				CLANG_WARN_DOCUMENTATION_COMMENTS = YES;
				CLANG_WARN_EMPTY_BODY = YES;
				CLANG_WARN_ENUM_CONVERSION = YES;
				CLANG_WARN_INFINITE_RECURSION = YES;
				CLANG_WARN_INT_CONVERSION = YES;
				CLANG_WARN_NON_LITERAL_NULL_CONVERSION = YES;
				CLANG_WARN_OBJC_IMPLICIT_RETAIN_SELF = YES;
				CLANG_WARN_OBJC_LITERAL_CONVERSION = YES;
				CLANG_WARN_OBJC_ROOT_CLASS = YES_ERROR;
				CLANG_WARN_QUOTED_INCLUDE_IN_FRAMEWORK_HEADER = YES;
				CLANG_WARN_RANGE_LOOP_ANALYSIS = YES;
				CLANG_WARN_STRICT_PROTOTYPES = YES;
				CLANG_WARN_SUSPICIOUS_MOVE = YES;
				CLANG_WARN_UNGUARDED_AVAILABILITY = YES_AGGRESSIVE;
				CLANG_WARN_UNREACHABLE_CODE = YES;
				CLANG_WARN__DUPLICATE_METHOD_MATCH = YES;
				COPY_PHASE_STRIP = NO;
				DEBUG_INFORMATION_FORMAT = dwarf;
				ENABLE_STRICT_OBJC_MSGSEND = YES;
				ENABLE_TESTABILITY = YES;
				GCC_C_LANGUAGE_STANDARD = gnu11;
				GCC_DYNAMIC_NO_PIC = NO;
				GCC_NO_COMMON_BLOCKS = YES;
				GCC_OPTIMIZATION_LEVEL = 0;
				GCC_PREPROCESSOR_DEFINITIONS = (
					"DEBUG=1",
					"$(inherited)",
				);
				GCC_WARN_64_TO_32_BIT_CONVERSION = YES;
				GCC_WARN_ABOUT_RETURN_TYPE = YES_ERROR;
				GCC_WARN_UNDECLARED_SELECTOR = YES;
				GCC_WARN_UNINITIALIZED_AUTOS = YES_AGGRESSIVE;
				GCC_WARN_UNUSED_FUNCTION = YES;
				GCC_WARN_UNUSED_VARIABLE = YES;
				IPHONEOS_DEPLOYMENT_TARGET = 15.4;
				MTL_ENABLE_DEBUG_INFO = INCLUDE_SOURCE;
				MTL_FAST_MATH = YES;
				ONLY_ACTIVE_ARCH = YES;
				SDKROOT = iphoneos;
				SWIFT_ACTIVE_COMPILATION_CONDITIONS = DEBUG;
				SWIFT_OPTIMIZATION_LEVEL = "-Onone";
			};
			name = Debug;
		};
		5FBF7DDD2803BAB80014F31F /* Release */ = {
			isa = XCBuildConfiguration;
			buildSettings = {
				ALWAYS_SEARCH_USER_PATHS = NO;
				CLANG_ANALYZER_NONNULL = YES;
				CLANG_ANALYZER_NUMBER_OBJECT_CONVERSION = YES_AGGRESSIVE;
				CLANG_CXX_LANGUAGE_STANDARD = "gnu++17";
				CLANG_ENABLE_MODULES = YES;
				CLANG_ENABLE_OBJC_ARC = YES;
				CLANG_ENABLE_OBJC_WEAK = YES;
				CLANG_WARN_BLOCK_CAPTURE_AUTORELEASING = YES;
				CLANG_WARN_BOOL_CONVERSION = YES;
				CLANG_WARN_COMMA = YES;
				CLANG_WARN_CONSTANT_CONVERSION = YES;
				CLANG_WARN_DEPRECATED_OBJC_IMPLEMENTATIONS = YES;
				CLANG_WARN_DIRECT_OBJC_ISA_USAGE = YES_ERROR;
				CLANG_WARN_DOCUMENTATION_COMMENTS = YES;
				CLANG_WARN_EMPTY_BODY = YES;
				CLANG_WARN_ENUM_CONVERSION = YES;
				CLANG_WARN_INFINITE_RECURSION = YES;
				CLANG_WARN_INT_CONVERSION = YES;
				CLANG_WARN_NON_LITERAL_NULL_CONVERSION = YES;
				CLANG_WARN_OBJC_IMPLICIT_RETAIN_SELF = YES;
				CLANG_WARN_OBJC_LITERAL_CONVERSION = YES;
				CLANG_WARN_OBJC_ROOT_CLASS = YES_ERROR;
				CLANG_WARN_QUOTED_INCLUDE_IN_FRAMEWORK_HEADER = YES;
				CLANG_WARN_RANGE_LOOP_ANALYSIS = YES;
				CLANG_WARN_STRICT_PROTOTYPES = YES;
				CLANG_WARN_SUSPICIOUS_MOVE = YES;
				CLANG_WARN_UNGUARDED_AVAILABILITY = YES_AGGRESSIVE;
				CLANG_WARN_UNREACHABLE_CODE = YES;
				CLANG_WARN__DUPLICATE_METHOD_MATCH = YES;
				COPY_PHASE_STRIP = NO;
				DEBUG_INFORMATION_FORMAT = "dwarf-with-dsym";
				ENABLE_NS_ASSERTIONS = NO;
				ENABLE_STRICT_OBJC_MSGSEND = YES;
				GCC_C_LANGUAGE_STANDARD = gnu11;
				GCC_NO_COMMON_BLOCKS = YES;
				GCC_WARN_64_TO_32_BIT_CONVERSION = YES;
				GCC_WARN_ABOUT_RETURN_TYPE = YES_ERROR;
				GCC_WARN_UNDECLARED_SELECTOR = YES;
				GCC_WARN_UNINITIALIZED_AUTOS = YES_AGGRESSIVE;
				GCC_WARN_UNUSED_FUNCTION = YES;
				GCC_WARN_UNUSED_VARIABLE = YES;
				IPHONEOS_DEPLOYMENT_TARGET = 15.4;
				MTL_ENABLE_DEBUG_INFO = NO;
				MTL_FAST_MATH = YES;
				SDKROOT = iphoneos;
				SWIFT_COMPILATION_MODE = wholemodule;
				SWIFT_OPTIMIZATION_LEVEL = "-O";
				VALIDATE_PRODUCT = YES;
			};
			name = Release;
		};
		5FBF7DDF2803BAB80014F31F /* Debug */ = {
			isa = XCBuildConfiguration;
			buildSettings = {
				ASSETCATALOG_COMPILER_APPICON_NAME = AppIcon;
				ASSETCATALOG_COMPILER_GLOBAL_ACCENT_COLOR_NAME = AccentColor;
				CODE_SIGN_STYLE = Automatic;
				CURRENT_PROJECT_VERSION = 1;
				DEVELOPMENT_ASSET_PATHS = "\"WaveUI/Preview Content\"";
				DEVELOPMENT_TEAM = 567GW26A2Z;
				ENABLE_PREVIEWS = YES;
				GENERATE_INFOPLIST_FILE = YES;
				INFOPLIST_KEY_UIApplicationSceneManifest_Generation = YES;
				INFOPLIST_KEY_UIApplicationSupportsIndirectInputEvents = YES;
				INFOPLIST_KEY_UILaunchScreen_Generation = YES;
				INFOPLIST_KEY_UISupportedInterfaceOrientations_iPad = "UIInterfaceOrientationPortrait UIInterfaceOrientationPortraitUpsideDown UIInterfaceOrientationLandscapeLeft UIInterfaceOrientationLandscapeRight";
				INFOPLIST_KEY_UISupportedInterfaceOrientations_iPhone = "UIInterfaceOrientationPortrait UIInterfaceOrientationLandscapeLeft UIInterfaceOrientationLandscapeRight";
				LD_RUNPATH_SEARCH_PATHS = (
					"$(inherited)",
					"@executable_path/Frameworks",
				);
				MARKETING_VERSION = 1.0;
				PRODUCT_BUNDLE_IDENTIFIER = com.tistory.mihyangkim.WaveUI;
				PRODUCT_NAME = "$(TARGET_NAME)";
				SWIFT_EMIT_LOC_STRINGS = YES;
				SWIFT_VERSION = 5.0;
				TARGETED_DEVICE_FAMILY = "1,2";
			};
			name = Debug;
		};
		5FBF7DE02803BAB80014F31F /* Release */ = {
			isa = XCBuildConfiguration;
			buildSettings = {
				ASSETCATALOG_COMPILER_APPICON_NAME = AppIcon;
				ASSETCATALOG_COMPILER_GLOBAL_ACCENT_COLOR_NAME = AccentColor;
				CODE_SIGN_STYLE = Automatic;
				CURRENT_PROJECT_VERSION = 1;
				DEVELOPMENT_ASSET_PATHS = "\"WaveUI/Preview Content\"";
				DEVELOPMENT_TEAM = 567GW26A2Z;
				ENABLE_PREVIEWS = YES;
				GENERATE_INFOPLIST_FILE = YES;
				INFOPLIST_KEY_UIApplicationSceneManifest_Generation = YES;
				INFOPLIST_KEY_UIApplicationSupportsIndirectInputEvents = YES;
				INFOPLIST_KEY_UILaunchScreen_Generation = YES;
				INFOPLIST_KEY_UISupportedInterfaceOrientations_iPad = "UIInterfaceOrientationPortrait UIInterfaceOrientationPortraitUpsideDown UIInterfaceOrientationLandscapeLeft UIInterfaceOrientationLandscapeRight";
				INFOPLIST_KEY_UISupportedInterfaceOrientations_iPhone = "UIInterfaceOrientationPortrait UIInterfaceOrientationLandscapeLeft UIInterfaceOrientationLandscapeRight";
				LD_RUNPATH_SEARCH_PATHS = (
					"$(inherited)",
					"@executable_path/Frameworks",
				);
				MARKETING_VERSION = 1.0;
				PRODUCT_BUNDLE_IDENTIFIER = com.tistory.mihyangkim.WaveUI;
				PRODUCT_NAME = "$(TARGET_NAME)";
				SWIFT_EMIT_LOC_STRINGS = YES;
				SWIFT_VERSION = 5.0;
				TARGETED_DEVICE_FAMILY = "1,2";
			};
			name = Release;
		};
		5FBF7DE22803BAB80014F31F /* Debug */ = {
			isa = XCBuildConfiguration;
			buildSettings = {
				ALWAYS_EMBED_SWIFT_STANDARD_LIBRARIES = YES;
				BUNDLE_LOADER = "$(TEST_HOST)";
				CODE_SIGN_STYLE = Automatic;
				CURRENT_PROJECT_VERSION = 1;
				DEVELOPMENT_TEAM = 567GW26A2Z;
				GENERATE_INFOPLIST_FILE = YES;
				IPHONEOS_DEPLOYMENT_TARGET = 15.4;
				MARKETING_VERSION = 1.0;
				PRODUCT_BUNDLE_IDENTIFIER = com.tistory.mihyangkim.WaveUITests;
				PRODUCT_NAME = "$(TARGET_NAME)";
				SWIFT_EMIT_LOC_STRINGS = NO;
				SWIFT_VERSION = 5.0;
				TARGETED_DEVICE_FAMILY = "1,2";
				TEST_HOST = "$(BUILT_PRODUCTS_DIR)/WaveUI.app/WaveUI";
			};
			name = Debug;
		};
		5FBF7DE32803BAB80014F31F /* Release */ = {
			isa = XCBuildConfiguration;
			buildSettings = {
				ALWAYS_EMBED_SWIFT_STANDARD_LIBRARIES = YES;
				BUNDLE_LOADER = "$(TEST_HOST)";
				CODE_SIGN_STYLE = Automatic;
				CURRENT_PROJECT_VERSION = 1;
				DEVELOPMENT_TEAM = 567GW26A2Z;
				GENERATE_INFOPLIST_FILE = YES;
				IPHONEOS_DEPLOYMENT_TARGET = 15.4;
				MARKETING_VERSION = 1.0;
				PRODUCT_BUNDLE_IDENTIFIER = com.tistory.mihyangkim.WaveUITests;
				PRODUCT_NAME = "$(TARGET_NAME)";
				SWIFT_EMIT_LOC_STRINGS = NO;
				SWIFT_VERSION = 5.0;
				TARGETED_DEVICE_FAMILY = "1,2";
				TEST_HOST = "$(BUILT_PRODUCTS_DIR)/WaveUI.app/WaveUI";
			};
			name = Release;
		};
		5FBF7DE52803BAB80014F31F /* Debug */ = {
			isa = XCBuildConfiguration;
			buildSettings = {
				ALWAYS_EMBED_SWIFT_STANDARD_LIBRARIES = YES;
				CODE_SIGN_STYLE = Automatic;
				CURRENT_PROJECT_VERSION = 1;
				DEVELOPMENT_TEAM = 567GW26A2Z;
				GENERATE_INFOPLIST_FILE = YES;
				MARKETING_VERSION = 1.0;
				PRODUCT_BUNDLE_IDENTIFIER = com.tistory.mihyangkim.WaveUIUITests;
				PRODUCT_NAME = "$(TARGET_NAME)";
				SWIFT_EMIT_LOC_STRINGS = NO;
				SWIFT_VERSION = 5.0;
				TARGETED_DEVICE_FAMILY = "1,2";
				TEST_TARGET_NAME = WaveUI;
			};
			name = Debug;
		};
		5FBF7DE62803BAB80014F31F /* Release */ = {
			isa = XCBuildConfiguration;
			buildSettings = {
				ALWAYS_EMBED_SWIFT_STANDARD_LIBRARIES = YES;
				CODE_SIGN_STYLE = Automatic;
				CURRENT_PROJECT_VERSION = 1;
				DEVELOPMENT_TEAM = 567GW26A2Z;
				GENERATE_INFOPLIST_FILE = YES;
				MARKETING_VERSION = 1.0;
				PRODUCT_BUNDLE_IDENTIFIER = com.tistory.mihyangkim.WaveUIUITests;
				PRODUCT_NAME = "$(TARGET_NAME)";
				SWIFT_EMIT_LOC_STRINGS = NO;
				SWIFT_VERSION = 5.0;
				TARGETED_DEVICE_FAMILY = "1,2";
				TEST_TARGET_NAME = WaveUI;
			};
			name = Release;
		};
/* End XCBuildConfiguration section */

/* Begin XCConfigurationList section */
		5FBF7DB52803BAB60014F31F /* Build configuration list for PBXProject "WaveUI" */ = {
			isa = XCConfigurationList;
			buildConfigurations = (
				5FBF7DDC2803BAB80014F31F /* Debug */,
				5FBF7DDD2803BAB80014F31F /* Release */,
			);
			defaultConfigurationIsVisible = 0;
			defaultConfigurationName = Release;
		};
		5FBF7DDE2803BAB80014F31F /* Build configuration list for PBXNativeTarget "WaveUI" */ = {
			isa = XCConfigurationList;
			buildConfigurations = (
				5FBF7DDF2803BAB80014F31F /* Debug */,
				5FBF7DE02803BAB80014F31F /* Release */,
			);
			defaultConfigurationIsVisible = 0;
			defaultConfigurationName = Release;
		};
		5FBF7DE12803BAB80014F31F /* Build configuration list for PBXNativeTarget "WaveUITests" */ = {
			isa = XCConfigurationList;
			buildConfigurations = (
				5FBF7DE22803BAB80014F31F /* Debug */,
				5FBF7DE32803BAB80014F31F /* Release */,
			);
			defaultConfigurationIsVisible = 0;
			defaultConfigurationName = Release;
		};
		5FBF7DE42803BAB80014F31F /* Build configuration list for PBXNativeTarget "WaveUIUITests" */ = {
			isa = XCConfigurationList;
			buildConfigurations = (
				5FBF7DE52803BAB80014F31F /* Debug */,
				5FBF7DE62803BAB80014F31F /* Release */,
			);
			defaultConfigurationIsVisible = 0;
			defaultConfigurationName = Release;
		};
/* End XCConfigurationList section */
	};
	rootObject = 5FBF7DB22803BAB60014F31F /* Project object */;
}
